// !$*UTF8*$!
{
	archiveVersion = 1;
	classes = {
	};
	objectVersion = 77;
	objects = {

/* Begin PBXContainerItemProxy section */
		B11181882E772B2600D3FC05 /* PBXContainerItemProxy */ = {
			isa = PBXContainerItemProxy;
			containerPortal = B111816F2E772B2500D3FC05 /* Project object */;
			proxyType = 1;
			remoteGlobalIDString = B11181762E772B2500D3FC05;
			remoteInfo = IosPlayground;
		};
		B11181922E772B2600D3FC05 /* PBXContainerItemProxy */ = {
			isa = PBXContainerItemProxy;
			containerPortal = B111816F2E772B2500D3FC05 /* Project object */;
			proxyType = 1;
			remoteGlobalIDString = B11181762E772B2500D3FC05;
			remoteInfo = IosPlayground;
		};
/* End PBXContainerItemProxy section */

/* Begin PBXFileReference section */
		B11181772E772B2500D3FC05 /* IosPlayground.app */ = {isa = PBXFileReference; explicitFileType = wrapper.application; includeInIndex = 0; path = IosPlayground.app; sourceTree = BUILT_PRODUCTS_DIR; };
		B11181872E772B2600D3FC05 /* IosPlaygroundTests.xctest */ = {isa = PBXFileReference; explicitFileType = wrapper.cfbundle; includeInIndex = 0; path = IosPlaygroundTests.xctest; sourceTree = BUILT_PRODUCTS_DIR; };
		B11181912E772B2600D3FC05 /* IosPlaygroundUITests.xctest */ = {isa = PBXFileReference; explicitFileType = wrapper.cfbundle; includeInIndex = 0; path = IosPlaygroundUITests.xctest; sourceTree = BUILT_PRODUCTS_DIR; };
/* End PBXFileReference section */

/* Begin PBXFileSystemSynchronizedRootGroup section */
		B11181792E772B2500D3FC05 /* IosPlayground */ = {
			isa = PBXFileSystemSynchronizedRootGroup;
			path = IosPlayground;
			sourceTree = "<group>";
		};
		B111818A2E772B2600D3FC05 /* IosPlaygroundTests */ = {
			isa = PBXFileSystemSynchronizedRootGroup;
			path = IosPlaygroundTests;
			sourceTree = "<group>";
		};
		B11181942E772B2600D3FC05 /* IosPlaygroundUITests */ = {
			isa = PBXFileSystemSynchronizedRootGroup;
			path = IosPlaygroundUITests;
			sourceTree = "<group>";
		};
		B113E9392E773183000FABB2 /* reademe */ = {
			isa = PBXFileSystemSynchronizedRootGroup;
			path = reademe;
			sourceTree = "<group>";
		};
/* End PBXFileSystemSynchronizedRootGroup section */

/* Begin PBXFrameworksBuildPhase section */
		B11181742E772B2500D3FC05 /* Frameworks */ = {
			isa = PBXFrameworksBuildPhase;
			buildActionMask = 2147483647;
			files = (
			);
			runOnlyForDeploymentPostprocessing = 0;
		};
		B11181842E772B2600D3FC05 /* Frameworks */ = {
			isa = PBXFrameworksBuildPhase;
			buildActionMask = 2147483647;
			files = (
			);
			runOnlyForDeploymentPostprocessing = 0;
		};
		B111818E2E772B2600D3FC05 /* Frameworks */ = {
			isa = PBXFrameworksBuildPhase;
			buildActionMask = 2147483647;
			files = (
			);
			runOnlyForDeploymentPostprocessing = 0;
		};
/* End PBXFrameworksBuildPhase section */

/* Begin PBXGroup section */
		B111816E2E772B2500D3FC05 = {
			isa = PBXGroup;
			children = (
				B113E9392E773183000FABB2 /* reademe */,
				B11181792E772B2500D3FC05 /* IosPlayground */,
				B111818A2E772B2600D3FC05 /* IosPlaygroundTests */,
				B11181942E772B2600D3FC05 /* IosPlaygroundUITests */,
				B11181782E772B2500D3FC05 /* Products */,
			);
			sourceTree = "<group>";
		};
		B11181782E772B2500D3FC05 /* Products */ = {
			isa = PBXGroup;
			children = (
				B11181772E772B2500D3FC05 /* IosPlayground.app */,
				B11181872E772B2600D3FC05 /* IosPlaygroundTests.xctest */,
				B11181912E772B2600D3FC05 /* IosPlaygroundUITests.xctest */,
			);
			name = Products;
			sourceTree = "<group>";
		};
/* End PBXGroup section */

/* Begin PBXNativeTarget section */
		B11181762E772B2500D3FC05 /* IosPlayground */ = {
			isa = PBXNativeTarget;
			buildConfigurationList = B111819B2E772B2600D3FC05 /* Build configuration list for PBXNativeTarget "IosPlayground" */;
			buildPhases = (
				B11181732E772B2500D3FC05 /* Sources */,
				B11181742E772B2500D3FC05 /* Frameworks */,
				B11181752E772B2500D3FC05 /* Resources */,
			);
			buildRules = (
			);
			dependencies = (
			);
			fileSystemSynchronizedGroups = (
				B11181792E772B2500D3FC05 /* IosPlayground */,
				B113E9392E773183000FABB2 /* reademe */,
			);
			name = IosPlayground;
			packageProductDependencies = (
			);
			productName = IosPlayground;
			productReference = B11181772E772B2500D3FC05 /* IosPlayground.app */;
			productType = "com.apple.product-type.application";
		};
		B11181862E772B2600D3FC05 /* IosPlaygroundTests */ = {
			isa = PBXNativeTarget;
			buildConfigurationList = B111819E2E772B2600D3FC05 /* Build configuration list for PBXNativeTarget "IosPlaygroundTests" */;
			buildPhases = (
				B11181832E772B2600D3FC05 /* Sources */,
				B11181842E772B2600D3FC05 /* Frameworks */,
				B11181852E772B2600D3FC05 /* Resources */,
			);
			buildRules = (
			);
			dependencies = (
				B11181892E772B2600D3FC05 /* PBXTargetDependency */,
			);
			fileSystemSynchronizedGroups = (
				B111818A2E772B2600D3FC05 /* IosPlaygroundTests */,
			);
			name = IosPlaygroundTests;
			packageProductDependencies = (
			);
			productName = IosPlaygroundTests;
			productReference = B11181872E772B2600D3FC05 /* IosPlaygroundTests.xctest */;
			productType = "com.apple.product-type.bundle.unit-test";
		};
		B11181902E772B2600D3FC05 /* IosPlaygroundUITests */ = {
			isa = PBXNativeTarget;
			buildConfigurationList = B11181A12E772B2600D3FC05 /* Build configuration list for PBXNativeTarget "IosPlaygroundUITests" */;
			buildPhases = (
				B111818D2E772B2600D3FC05 /* Sources */,
				B111818E2E772B2600D3FC05 /* Frameworks */,
				B111818F2E772B2600D3FC05 /* Resources */,
			);
			buildRules = (
			);
			dependencies = (
				B11181932E772B2600D3FC05 /* PBXTargetDependency */,
			);
			fileSystemSynchronizedGroups = (
				B11181942E772B2600D3FC05 /* IosPlaygroundUITests */,
			);
			name = IosPlaygroundUITests;
			packageProductDependencies = (
			);
			productName = IosPlaygroundUITests;
			productReference = B11181912E772B2600D3FC05 /* IosPlaygroundUITests.xctest */;
			productType = "com.apple.product-type.bundle.ui-testing";
		};
/* End PBXNativeTarget section */

/* Begin PBXProject section */
		B111816F2E772B2500D3FC05 /* Project object */ = {
			isa = PBXProject;
			attributes = {
				BuildIndependentTargetsInParallel = 1;
				LastSwiftUpdateCheck = 1620;
				LastUpgradeCheck = 1620;
				TargetAttributes = {
					B11181762E772B2500D3FC05 = {
						CreatedOnToolsVersion = 16.2;
					};
					B11181862E772B2600D3FC05 = {
						CreatedOnToolsVersion = 16.2;
						TestTargetID = B11181762E772B2500D3FC05;
					};
					B11181902E772B2600D3FC05 = {
						CreatedOnToolsVersion = 16.2;
						TestTargetID = B11181762E772B2500D3FC05;
					};
				};
			};
			buildConfigurationList = B11181722E772B2500D3FC05 /* Build configuration list for PBXProject "IosPlayground" */;
			developmentRegion = en;
			hasScannedForEncodings = 0;
			knownRegions = (
				en,
				Base,
			);
			mainGroup = B111816E2E772B2500D3FC05;
			minimizedProjectReferenceProxies = 1;
			preferredProjectObjectVersion = 77;
			productRefGroup = B11181782E772B2500D3FC05 /* Products */;
			projectDirPath = "";
			projectRoot = "";
			targets = (
				B11181762E772B2500D3FC05 /* IosPlayground */,
				B11181862E772B2600D3FC05 /* IosPlaygroundTests */,
				B11181902E772B2600D3FC05 /* IosPlaygroundUITests */,
			);
		};
/* End PBXProject section */

/* Begin PBXResourcesBuildPhase section */
		B11181752E772B2500D3FC05 /* Resources */ = {
			isa = PBXResourcesBuildPhase;
			buildActionMask = 2147483647;
			files = (
			);
			runOnlyForDeploymentPostprocessing = 0;
		};
		B11181852E772B2600D3FC05 /* Resources */ = {
			isa = PBXResourcesBuildPhase;
			buildActionMask = 2147483647;
			files = (
			);
			runOnlyForDeploymentPostprocessing = 0;
		};
		B111818F2E772B2600D3FC05 /* Resources */ = {
			isa = PBXResourcesBuildPhase;
			buildActionMask = 2147483647;
			files = (
			);
			runOnlyForDeploymentPostprocessing = 0;
		};
/* End PBXResourcesBuildPhase section */

/* Begin PBXSourcesBuildPhase section */
		B11181732E772B2500D3FC05 /* Sources */ = {
			isa = PBXSourcesBuildPhase;
			buildActionMask = 2147483647;
			files = (
			);
			runOnlyForDeploymentPostprocessing = 0;
		};
		B11181832E772B2600D3FC05 /* Sources */ = {
			isa = PBXSourcesBuildPhase;
			buildActionMask = 2147483647;
			files = (
			);
			runOnlyForDeploymentPostprocessing = 0;
		};
		B111818D2E772B2600D3FC05 /* Sources */ = {
			isa = PBXSourcesBuildPhase;
			buildActionMask = 2147483647;
			files = (
			);
			runOnlyForDeploymentPostprocessing = 0;
		};
/* End PBXSourcesBuildPhase section */

/* Begin PBXTargetDependency section */
		B11181892E772B2600D3FC05 /* PBXTargetDependency */ = {
			isa = PBXTargetDependency;
			target = B11181762E772B2500D3FC05 /* IosPlayground */;
			targetProxy = B11181882E772B2600D3FC05 /* PBXContainerItemProxy */;
		};
		B11181932E772B2600D3FC05 /* PBXTargetDependency */ = {
			isa = PBXTargetDependency;
			target = B11181762E772B2500D3FC05 /* IosPlayground */;
			targetProxy = B11181922E772B2600D3FC05 /* PBXContainerItemProxy */;
		};
/* End PBXTargetDependency section */

/* Begin XCBuildConfiguration section */
		B11181992E772B2600D3FC05 /* Debug */ = {
			isa = XCBuildConfiguration;
			buildSettings = {
				ALWAYS_SEARCH_USER_PATHS = NO;
				ASSETCATALOG_COMPILER_GENERATE_SWIFT_ASSET_SYMBOL_EXTENSIONS = YES;
				CLANG_ANALYZER_NONNULL = YES;
				CLANG_ANALYZER_NUMBER_OBJECT_CONVERSION = YES_AGGRESSIVE;
				CLANG_CXX_LANGUAGE_STANDARD = "gnu++20";
				CLANG_ENABLE_MODULES = YES;
				CLANG_ENABLE_OBJC_ARC = YES;
				CLANG_ENABLE_OBJC_WEAK = YES;
				CLANG_WARN_BLOCK_CAPTURE_AUTORELEASING = YES;
				CLANG_WARN_BOOL_CONVERSION = YES;
				CLANG_WARN_COMMA = YES;
				CLANG_WARN_CONSTANT_CONVERSION = YES;
				CLANG_WARN_DEPRECATED_OBJC_IMPLEMENTATIONS = YES;
				CLANG_WARN_DIRECT_OBJC_ISA_USAGE = YES_ERROR;
				CLANG_WARN_DOCUMENTATION_COMMENTS = YES;
				CLANG_WARN_EMPTY_BODY = YES;
				CLANG_WARN_ENUM_CONVERSION = YES;
				CLANG_WARN_INFINITE_RECURSION = YES;
				CLANG_WARN_INT_CONVERSION = YES;
				CLANG_WARN_NON_LITERAL_NULL_CONVERSION = YES;
				CLANG_WARN_OBJC_IMPLICIT_RETAIN_SELF = YES;
				CLANG_WARN_OBJC_LITERAL_CONVERSION = YES;
				CLANG_WARN_OBJC_ROOT_CLASS = YES_ERROR;
				CLANG_WARN_QUOTED_INCLUDE_IN_FRAMEWORK_HEADER = YES;
				CLANG_WARN_RANGE_LOOP_ANALYSIS = YES;
				CLANG_WARN_STRICT_PROTOTYPES = YES;
				CLANG_WARN_SUSPICIOUS_MOVE = YES;
				CLANG_WARN_UNGUARDED_AVAILABILITY = YES_AGGRESSIVE;
				CLANG_WARN_UNREACHABLE_CODE = YES;
				CLANG_WARN__DUPLICATE_METHOD_MATCH = YES;
				COPY_PHASE_STRIP = NO;
				DEBUG_INFORMATION_FORMAT = dwarf;
				ENABLE_STRICT_OBJC_MSGSEND = YES;
				ENABLE_TESTABILITY = YES;
				ENABLE_USER_SCRIPT_SANDBOXING = YES;
				GCC_C_LANGUAGE_STANDARD = gnu17;
				GCC_DYNAMIC_NO_PIC = NO;
				GCC_NO_COMMON_BLOCKS = YES;
				GCC_OPTIMIZATION_LEVEL = 0;
				GCC_PREPROCESSOR_DEFINITIONS = (
					"DEBUG=1",
					"$(inherited)",
				);
				GCC_WARN_64_TO_32_BIT_CONVERSION = YES;
				GCC_WARN_ABOUT_RETURN_TYPE = YES_ERROR;
				GCC_WARN_UNDECLARED_SELECTOR = YES;
				GCC_WARN_UNINITIALIZED_AUTOS = YES_AGGRESSIVE;
				GCC_WARN_UNUSED_FUNCTION = YES;
				GCC_WARN_UNUSED_VARIABLE = YES;
				IPHONEOS_DEPLOYMENT_TARGET = 18.2;
				LOCALIZATION_PREFERS_STRING_CATALOGS = YES;
				MTL_ENABLE_DEBUG_INFO = INCLUDE_SOURCE;
				MTL_FAST_MATH = YES;
				ONLY_ACTIVE_ARCH = YES;
				SDKROOT = iphoneos;
				SWIFT_ACTIVE_COMPILATION_CONDITIONS = "DEBUG $(inherited)";
				SWIFT_OPTIMIZATION_LEVEL = "-Onone";
			};
			name = Debug;
		};
		B111819A2E772B2600D3FC05 /* Release */ = {
			isa = XCBuildConfiguration;
			buildSettings = {
				ALWAYS_SEARCH_USER_PATHS = NO;
				ASSETCATALOG_COMPILER_GENERATE_SWIFT_ASSET_SYMBOL_EXTENSIONS = YES;
				CLANG_ANALYZER_NONNULL = YES;
				CLANG_ANALYZER_NUMBER_OBJECT_CONVERSION = YES_AGGRESSIVE;
				CLANG_CXX_LANGUAGE_STANDARD = "gnu++20";
				CLANG_ENABLE_MODULES = YES;
				CLANG_ENABLE_OBJC_ARC = YES;
				CLANG_ENABLE_OBJC_WEAK = YES;
				CLANG_WARN_BLOCK_CAPTURE_AUTORELEASING = YES;
				CLANG_WARN_BOOL_CONVERSION = YES;
				CLANG_WARN_COMMA = YES;
				CLANG_WARN_CONSTANT_CONVERSION = YES;
				CLANG_WARN_DEPRECATED_OBJC_IMPLEMENTATIONS = YES;
				CLANG_WARN_DIRECT_OBJC_ISA_USAGE = YES_ERROR;
				CLANG_WARN_DOCUMENTATION_COMMENTS = YES;
				CLANG_WARN_EMPTY_BODY = YES;
				CLANG_WARN_ENUM_CONVERSION = YES;
				CLANG_WARN_INFINITE_RECURSION = YES;
				CLANG_WARN_INT_CONVERSION = YES;
				CLANG_WARN_NON_LITERAL_NULL_CONVERSION = YES;
				CLANG_WARN_OBJC_IMPLICIT_RETAIN_SELF = YES;
				CLANG_WARN_OBJC_LITERAL_CONVERSION = YES;
				CLANG_WARN_OBJC_ROOT_CLASS = YES_ERROR;
				CLANG_WARN_QUOTED_INCLUDE_IN_FRAMEWORK_HEADER = YES;
				CLANG_WARN_RANGE_LOOP_ANALYSIS = YES;
				CLANG_WARN_STRICT_PROTOTYPES = YES;
				CLANG_WARN_SUSPICIOUS_MOVE = YES;
				CLANG_WARN_UNGUARDED_AVAILABILITY = YES_AGGRESSIVE;
				CLANG_WARN_UNREACHABLE_CODE = YES;
				CLANG_WARN__DUPLICATE_METHOD_MATCH = YES;
				COPY_PHASE_STRIP = NO;
				DEBUG_INFORMATION_FORMAT = "dwarf-with-dsym";
				ENABLE_NS_ASSERTIONS = NO;
				ENABLE_STRICT_OBJC_MSGSEND = YES;
				ENABLE_USER_SCRIPT_SANDBOXING = YES;
				GCC_C_LANGUAGE_STANDARD = gnu17;
				GCC_NO_COMMON_BLOCKS = YES;
				GCC_WARN_64_TO_32_BIT_CONVERSION = YES;
				GCC_WARN_ABOUT_RETURN_TYPE = YES_ERROR;
				GCC_WARN_UNDECLARED_SELECTOR = YES;
				GCC_WARN_UNINITIALIZED_AUTOS = YES_AGGRESSIVE;
				GCC_WARN_UNUSED_FUNCTION = YES;
				GCC_WARN_UNUSED_VARIABLE = YES;
				IPHONEOS_DEPLOYMENT_TARGET = 18.2;
				LOCALIZATION_PREFERS_STRING_CATALOGS = YES;
				MTL_ENABLE_DEBUG_INFO = NO;
				MTL_FAST_MATH = YES;
				SDKROOT = iphoneos;
				SWIFT_COMPILATION_MODE = wholemodule;
				VALIDATE_PRODUCT = YES;
			};
			name = Release;
		};
		B111819C2E772B2600D3FC05 /* Debug */ = {
			isa = XCBuildConfiguration;
			buildSettings = {
				ASSETCATALOG_COMPILER_APPICON_NAME = AppIcon;
				ASSETCATALOG_COMPILER_GLOBAL_ACCENT_COLOR_NAME = AccentColor;
				CODE_SIGN_STYLE = Automatic;
				CURRENT_PROJECT_VERSION = 1;
				DEVELOPMENT_ASSET_PATHS = "\"IosPlayground/Preview Content\"";
				DEVELOPMENT_TEAM = GF4JA4TSK4;
				ENABLE_PREVIEWS = YES;
				GENERATE_INFOPLIST_FILE = YES;
				INFOPLIST_KEY_UIApplicationSceneManifest_Generation = YES;
				INFOPLIST_KEY_UIApplicationSupportsIndirectInputEvents = YES;
				INFOPLIST_KEY_UILaunchScreen_Generation = YES;
				INFOPLIST_KEY_UISupportedInterfaceOrientations_iPad = "UIInterfaceOrientationPortrait UIInterfaceOrientationPortraitUpsideDown UIInterfaceOrientationLandscapeLeft UIInterfaceOrientationLandscapeRight";
				INFOPLIST_KEY_UISupportedInterfaceOrientations_iPhone = "UIInterfaceOrientationPortrait UIInterfaceOrientationLandscapeLeft UIInterfaceOrientationLandscapeRight";
				LD_RUNPATH_SEARCH_PATHS = (
					"$(inherited)",
					"@executable_path/Frameworks",
				);
				MARKETING_VERSION = 1.0;
				PRODUCT_BUNDLE_IDENTIFIER = swasi.IosPlayground;
				PRODUCT_NAME = "$(TARGET_NAME)";
				SWIFT_EMIT_LOC_STRINGS = YES;
				SWIFT_VERSION = 5.0;
				TARGETED_DEVICE_FAMILY = "1,2";
			};
			name = Debug;
		};
		B111819D2E772B2600D3FC05 /* Release */ = {
			isa = XCBuildConfiguration;
			buildSettings = {
				ASSETCATALOG_COMPILER_APPICON_NAME = AppIcon;
				ASSETCATALOG_COMPILER_GLOBAL_ACCENT_COLOR_NAME = AccentColor;
				CODE_SIGN_STYLE = Automatic;
				CURRENT_PROJECT_VERSION = 1;
				DEVELOPMENT_ASSET_PATHS = "\"IosPlayground/Preview Content\"";
				DEVELOPMENT_TEAM = GF4JA4TSK4;
				ENABLE_PREVIEWS = YES;
				GENERATE_INFOPLIST_FILE = YES;
				INFOPLIST_KEY_UIApplicationSceneManifest_Generation = YES;
				INFOPLIST_KEY_UIApplicationSupportsIndirectInputEvents = YES;
				INFOPLIST_KEY_UILaunchScreen_Generation = YES;
				INFOPLIST_KEY_UISupportedInterfaceOrientations_iPad = "UIInterfaceOrientationPortrait UIInterfaceOrientationPortraitUpsideDown UIInterfaceOrientationLandscapeLeft UIInterfaceOrientationLandscapeRight";
				INFOPLIST_KEY_UISupportedInterfaceOrientations_iPhone = "UIInterfaceOrientationPortrait UIInterfaceOrientationLandscapeLeft UIInterfaceOrientationLandscapeRight";
				LD_RUNPATH_SEARCH_PATHS = (
					"$(inherited)",
					"@executable_path/Frameworks",
				);
				MARKETING_VERSION = 1.0;
				PRODUCT_BUNDLE_IDENTIFIER = swasi.IosPlayground;
				PRODUCT_NAME = "$(TARGET_NAME)";
				SWIFT_EMIT_LOC_STRINGS = YES;
				SWIFT_VERSION = 5.0;
				TARGETED_DEVICE_FAMILY = "1,2";
			};
			name = Release;
		};
		B111819F2E772B2600D3FC05 /* Debug */ = {
			isa = XCBuildConfiguration;
			buildSettings = {
				BUNDLE_LOADER = "$(TEST_HOST)";
				CODE_SIGN_STYLE = Automatic;
				CURRENT_PROJECT_VERSION = 1;
				DEVELOPMENT_TEAM = GF4JA4TSK4;
				GENERATE_INFOPLIST_FILE = YES;
				IPHONEOS_DEPLOYMENT_TARGET = 18.2;
				MARKETING_VERSION = 1.0;
				PRODUCT_BUNDLE_IDENTIFIER = swasi.IosPlaygroundTests;
				PRODUCT_NAME = "$(TARGET_NAME)";
				SWIFT_EMIT_LOC_STRINGS = NO;
				SWIFT_VERSION = 5.0;
				TARGETED_DEVICE_FAMILY = "1,2";
				TEST_HOST = "$(BUILT_PRODUCTS_DIR)/IosPlayground.app/$(BUNDLE_EXECUTABLE_FOLDER_PATH)/IosPlayground";
			};
			name = Debug;
		};
		B11181A02E772B2600D3FC05 /* Release */ = {
			isa = XCBuildConfiguration;
			buildSettings = {
				BUNDLE_LOADER = "$(TEST_HOST)";
				CODE_SIGN_STYLE = Automatic;
				CURRENT_PROJECT_VERSION = 1;
				DEVELOPMENT_TEAM = GF4JA4TSK4;
				GENERATE_INFOPLIST_FILE = YES;
				IPHONEOS_DEPLOYMENT_TARGET = 18.2;
				MARKETING_VERSION = 1.0;
				PRODUCT_BUNDLE_IDENTIFIER = swasi.IosPlaygroundTests;
				PRODUCT_NAME = "$(TARGET_NAME)";
				SWIFT_EMIT_LOC_STRINGS = NO;
				SWIFT_VERSION = 5.0;
				TARGETED_DEVICE_FAMILY = "1,2";
				TEST_HOST = "$(BUILT_PRODUCTS_DIR)/IosPlayground.app/$(BUNDLE_EXECUTABLE_FOLDER_PATH)/IosPlayground";
			};
			name = Release;
		};
		B11181A22E772B2600D3FC05 /* Debug */ = {
			isa = XCBuildConfiguration;
			buildSettings = {
				CODE_SIGN_STYLE = Automatic;
				CURRENT_PROJECT_VERSION = 1;
				DEVELOPMENT_TEAM = GF4JA4TSK4;
				GENERATE_INFOPLIST_FILE = YES;
				MARKETING_VERSION = 1.0;
				PRODUCT_BUNDLE_IDENTIFIER = swasi.IosPlaygroundUITests;
				PRODUCT_NAME = "$(TARGET_NAME)";
				SWIFT_EMIT_LOC_STRINGS = NO;
				SWIFT_VERSION = 5.0;
				TARGETED_DEVICE_FAMILY = "1,2";
				TEST_TARGET_NAME = IosPlayground;
			};
			name = Debug;
		};
		B11181A32E772B2600D3FC05 /* Release */ = {
			isa = XCBuildConfiguration;
			buildSettings = {
				CODE_SIGN_STYLE = Automatic;
				CURRENT_PROJECT_VERSION = 1;
				DEVELOPMENT_TEAM = GF4JA4TSK4;
				GENERATE_INFOPLIST_FILE = YES;
				MARKETING_VERSION = 1.0;
				PRODUCT_BUNDLE_IDENTIFIER = swasi.IosPlaygroundUITests;
				PRODUCT_NAME = "$(TARGET_NAME)";
				SWIFT_EMIT_LOC_STRINGS = NO;
				SWIFT_VERSION = 5.0;
				TARGETED_DEVICE_FAMILY = "1,2";
				TEST_TARGET_NAME = IosPlayground;
			};
			name = Release;
		};
/* End XCBuildConfiguration section */

/* Begin XCConfigurationList section */
		B11181722E772B2500D3FC05 /* Build configuration list for PBXProject "IosPlayground" */ = {
			isa = XCConfigurationList;
			buildConfigurations = (
				B11181992E772B2600D3FC05 /* Debug */,
				B111819A2E772B2600D3FC05 /* Release */,
			);
			defaultConfigurationIsVisible = 0;
			defaultConfigurationName = Release;
		};
		B111819B2E772B2600D3FC05 /* Build configuration list for PBXNativeTarget "IosPlayground" */ = {
			isa = XCConfigurationList;
			buildConfigurations = (
				B111819C2E772B2600D3FC05 /* Debug */,
				B111819D2E772B2600D3FC05 /* Release */,
			);
			defaultConfigurationIsVisible = 0;
			defaultConfigurationName = Release;
		};
		B111819E2E772B2600D3FC05 /* Build configuration list for PBXNativeTarget "IosPlaygroundTests" */ = {
			isa = XCConfigurationList;
			buildConfigurations = (
				B111819F2E772B2600D3FC05 /* Debug */,
				B11181A02E772B2600D3FC05 /* Release */,
			);
			defaultConfigurationIsVisible = 0;
			defaultConfigurationName = Release;
		};
		B11181A12E772B2600D3FC05 /* Build configuration list for PBXNativeTarget "IosPlaygroundUITests" */ = {
			isa = XCConfigurationList;
			buildConfigurations = (
				B11181A22E772B2600D3FC05 /* Debug */,
				B11181A32E772B2600D3FC05 /* Release */,
			);
			defaultConfigurationIsVisible = 0;
			defaultConfigurationName = Release;
		};
/* End XCConfigurationList section */
	};
	rootObject = B111816F2E772B2500D3FC05 /* Project object */;
}
